
Microsoft Visual Studio Solution File, Format Version 12.00
# Visual Studio 15
VisualStudioVersion = 15.0.28016.0
MinimumVisualStudioVersion = 10.0.40219.1
Project("{E24C65DC-7377-472B-9ABA-BC803B73C61A}") = "BitrixIntegration(1)", "BitrixIntegration\", "{B054F54C-29E6-4CF5-86D1-606B7A090725}"
	ProjectSection(WebsiteProperties) = preProject
		TargetFrameworkMoniker = ".NETFramework,Version%3Dv4.5"
		Debug.AspNetCompiler.VirtualPath = "/localhost_51315"
		Debug.AspNetCompiler.PhysicalPath = "BitrixIntegration\"
		Debug.AspNetCompiler.TargetPath = "PrecompiledWeb\localhost_51315\"
		Debug.AspNetCompiler.Updateable = "true"
		Debug.AspNetCompiler.ForceOverwrite = "true"
		Debug.AspNetCompiler.FixedNames = "false"
		Debug.AspNetCompiler.Debug = "True"
		Release.AspNetCompiler.VirtualPath = "/localhost_51315"
		Release.AspNetCompiler.PhysicalPath = "BitrixIntegration\"
		Release.AspNetCompiler.TargetPath = "PrecompiledWeb\localhost_51315\"
		Release.AspNetCompiler.Updateable = "true"
		Release.AspNetCompiler.ForceOverwrite = "true"
		Release.AspNetCompiler.FixedNames = "false"
		Release.AspNetCompiler.Debug = "False"
		VWDPort = "51315"
		SlnRelativePath = "BitrixIntegration\"
		DefaultWebSiteLanguage = "Visual C#"
	EndProjectSection
EndProject
Project("{E24C65DC-7377-472B-9ABA-BC803B73C61A}") = "NaumenIntegration", "NaumenIntegration\", "{CD73C29F-FB89-4C74-846E-5E8F21D34389}"
	ProjectSection(WebsiteProperties) = preProject
		TargetFrameworkMoniker = ".NETFramework,Version%3Dv4.5"
		ProjectReferences = "{8550a5aa-578b-454f-b3d3-c5c80d617a3d}|CrmIntegration.Core.dll;"
		Debug.AspNetCompiler.VirtualPath = "/localhost_58307"
		Debug.AspNetCompiler.PhysicalPath = "NaumenIntegration\"
		Debug.AspNetCompiler.TargetPath = "PrecompiledWeb\localhost_58307\"
		Debug.AspNetCompiler.Updateable = "true"
		Debug.AspNetCompiler.ForceOverwrite = "true"
		Debug.AspNetCompiler.FixedNames = "false"
		Debug.AspNetCompiler.Debug = "True"
		Release.AspNetCompiler.VirtualPath = "/localhost_58307"
		Release.AspNetCompiler.PhysicalPath = "NaumenIntegration\"
		Release.AspNetCompiler.TargetPath = "PrecompiledWeb\localhost_58307\"
		Release.AspNetCompiler.Updateable = "true"
		Release.AspNetCompiler.ForceOverwrite = "true"
		Release.AspNetCompiler.FixedNames = "false"
		Release.AspNetCompiler.Debug = "False"
		VWDPort = "58307"
		SlnRelativePath = "NaumenIntegration\"
		DefaultWebSiteLanguage = "Visual C#"
	EndProjectSection
EndProject
Project("{FAE04EC0-301F-11D3-BF4B-00C04F79EFBC}") = "CrmIntegration.Core", "CrmIntegration.Core\CrmIntegration.Core.csproj", "{8550A5AA-578B-454F-B3D3-C5C80D617A3D}"
EndProject
Project("{E24C65DC-7377-472B-9ABA-BC803B73C61A}") = "CrmIntegrationWeb", "CrmIntegrationWeb\", "{45C59DC0-0974-4C29-A707-6CE3A93D23AD}"
	ProjectSection(WebsiteProperties) = preProject
		TargetFrameworkMoniker = ".NETFramework,Version%3Dv4.5"
		ProjectReferences = "{8550a5aa-578b-454f-b3d3-c5c80d617a3d}|CrmIntegration.Core.dll;"
		Debug.AspNetCompiler.VirtualPath = "/localhost_59834"
		Debug.AspNetCompiler.PhysicalPath = "CrmIntegrationWeb\"
		Debug.AspNetCompiler.TargetPath = "PrecompiledWeb\localhost_59834\"
		Debug.AspNetCompiler.Updateable = "true"
		Debug.AspNetCompiler.ForceOverwrite = "true"
		Debug.AspNetCompiler.FixedNames = "false"
		Debug.AspNetCompiler.Debug = "True"
		Release.AspNetCompiler.VirtualPath = "/localhost_59834"
		Release.AspNetCompiler.PhysicalPath = "CrmIntegrationWeb\"
		Release.AspNetCompiler.TargetPath = "PrecompiledWeb\localhost_59834\"
		Release.AspNetCompiler.Updateable = "true"
		Release.AspNetCompiler.ForceOverwrite = "true"
		Release.AspNetCompiler.FixedNames = "false"
		Release.AspNetCompiler.Debug = "False"
		VWDPort = "59834"
		SlnRelativePath = "CrmIntegrationWeb\"
		DefaultWebSiteLanguage = "Visual C#"
	EndProjectSection
EndProject
Project("{E24C65DC-7377-472B-9ABA-BC803B73C61A}") = "AmoCrmIntegration", "AmoCrmIntegration\", "{B4927BFE-F9F1-4672-90A3-C11EE3153A4E}"
	ProjectSection(WebsiteProperties) = preProject
		TargetFrameworkMoniker = ".NETFramework,Version%3Dv4.5.1"
		ProjectReferences = "{bf1fde66-7465-4937-b84d-f4f245f6efc6}|Spoofi.AmoCrmIntegration.dll;"
		Debug.AspNetCompiler.VirtualPath = "/localhost_55602"
		Debug.AspNetCompiler.PhysicalPath = "AmoCrmIntegration\"
		Debug.AspNetCompiler.TargetPath = "PrecompiledWeb\localhost_55602\"
		Debug.AspNetCompiler.Updateable = "true"
		Debug.AspNetCompiler.ForceOverwrite = "true"
		Debug.AspNetCompiler.FixedNames = "false"
		Debug.AspNetCompiler.Debug = "True"
		Release.AspNetCompiler.VirtualPath = "/localhost_55602"
		Release.AspNetCompiler.PhysicalPath = "AmoCrmIntegration\"
		Release.AspNetCompiler.TargetPath = "PrecompiledWeb\localhost_55602\"
		Release.AspNetCompiler.Updateable = "true"
		Release.AspNetCompiler.ForceOverwrite = "true"
		Release.AspNetCompiler.FixedNames = "false"
		Release.AspNetCompiler.Debug = "False"
		VWDPort = "55602"
		SlnRelativePath = "AmoCrmIntegration\"
	EndProjectSection
EndProject
Project("{2150E333-8FDC-42A3-9474-1A3956D46DE8}") = "Core", "Core", "{E4E44699-8E60-4652-AA42-2886FB29A186}"
EndProject
Project("{FAE04EC0-301F-11D3-BF4B-00C04F79EFBC}") = "Spoofi.AmoCrmIntegration", "Core\Spoofi.AmoCrmIntegration\Spoofi.AmoCrmIntegration.csproj", "{BF1FDE66-7465-4937-B84D-F4F245F6EFC6}"
EndProject
Project("{E24C65DC-7377-472B-9ABA-BC803B73C61A}") = "HotWiFi", "HotWiFi\", "{E4010695-F278-457E-9DDE-8C7B884E31A6}"
	ProjectSection(WebsiteProperties) = preProject
		TargetFrameworkMoniker = ".NETFramework,Version%3Dv4.5"
		Debug.AspNetCompiler.VirtualPath = "/localhost_64539"
		Debug.AspNetCompiler.PhysicalPath = "HotWiFi\"
		Debug.AspNetCompiler.TargetPath = "PrecompiledWeb\localhost_64539\"
		Debug.AspNetCompiler.Updateable = "true"
		Debug.AspNetCompiler.ForceOverwrite = "true"
		Debug.AspNetCompiler.FixedNames = "false"
		Debug.AspNetCompiler.Debug = "True"
		Release.AspNetCompiler.VirtualPath = "/localhost_64539"
		Release.AspNetCompiler.PhysicalPath = "HotWiFi\"
		Release.AspNetCompiler.TargetPath = "PrecompiledWeb\localhost_64539\"
		Release.AspNetCompiler.Updateable = "true"
		Release.AspNetCompiler.ForceOverwrite = "true"
		Release.AspNetCompiler.FixedNames = "false"
		Release.AspNetCompiler.Debug = "False"
		VWDPort = "64539"
		SlnRelativePath = "HotWiFi\"
		DefaultWebSiteLanguage = "Visual C#"
	EndProjectSection
EndProject
Project("{E24C65DC-7377-472B-9ABA-BC803B73C61A}") = "INBOUND", "INBOUND\", "{92D7777D-95C2-40B9-AE01-ECD4C61526CF}"
	ProjectSection(WebsiteProperties) = preProject
		TargetFrameworkMoniker = ".NETFramework,Version%3Dv4.5"
		Debug.AspNetCompiler.VirtualPath = "/localhost_53242"
		Debug.AspNetCompiler.PhysicalPath = "INBOUND\"
		Debug.AspNetCompiler.TargetPath = "PrecompiledWeb\localhost_53242\"
		Debug.AspNetCompiler.Updateable = "true"
		Debug.AspNetCompiler.ForceOverwrite = "true"
		Debug.AspNetCompiler.FixedNames = "false"
		Debug.AspNetCompiler.Debug = "True"
		Release.AspNetCompiler.VirtualPath = "/localhost_53242"
		Release.AspNetCompiler.PhysicalPath = "INBOUND\"
		Release.AspNetCompiler.TargetPath = "PrecompiledWeb\localhost_53242\"
		Release.AspNetCompiler.Updateable = "true"
		Release.AspNetCompiler.ForceOverwrite = "true"
		Release.AspNetCompiler.FixedNames = "false"
		Release.AspNetCompiler.Debug = "False"
		VWDPort = "53242"
		SlnRelativePath = "INBOUND\"
	EndProjectSection
EndProject
Project("{E24C65DC-7377-472B-9ABA-BC803B73C61A}") = "Questinary", "Questinary\", "{CF4DF50E-E0C5-4C09-A3F8-96D29946A69E}"
	ProjectSection(WebsiteProperties) = preProject
		TargetFrameworkMoniker = ".NETFramework,Version%3Dv4.0"
		Debug.AspNetCompiler.VirtualPath = "/localhost_61414"
		Debug.AspNetCompiler.PhysicalPath = "Questinary\"
		Debug.AspNetCompiler.TargetPath = "PrecompiledWeb\localhost_61414\"
		Debug.AspNetCompiler.Updateable = "true"
		Debug.AspNetCompiler.ForceOverwrite = "true"
		Debug.AspNetCompiler.FixedNames = "false"
		Debug.AspNetCompiler.Debug = "True"
		Release.AspNetCompiler.VirtualPath = "/localhost_61414"
		Release.AspNetCompiler.PhysicalPath = "Questinary\"
		Release.AspNetCompiler.TargetPath = "PrecompiledWeb\localhost_61414\"
		Release.AspNetCompiler.Updateable = "true"
		Release.AspNetCompiler.ForceOverwrite = "true"
		Release.AspNetCompiler.FixedNames = "false"
		Release.AspNetCompiler.Debug = "False"
		VWDPort = "61414"
		SlnRelativePath = "Questinary\"
	EndProjectSection
EndProject
Project("{FAE04EC0-301F-11D3-BF4B-00C04F79EFBC}") = "Guru", "GuruTaxi\Guru.csproj", "{BF5186AF-BCBD-4B99-8503-315608640808}"
EndProject
Project("{2150E333-8FDC-42A3-9474-1A3956D46DE8}") = "Forms", "Forms", "{9E8449B3-9A6C-462D-93D6-8FC3C7E652BF}"
EndProject
Project("{E24C65DC-7377-472B-9ABA-BC803B73C61A}") = "Forms", "Forms\", "{95F93A34-860A-4EE9-A1BA-978DE926F497}"
	ProjectSection(WebsiteProperties) = preProject
		TargetFrameworkMoniker = ".NETFramework,Version%3Dv4.5"
		Debug.AspNetCompiler.VirtualPath = "/localhost_58995"
		Debug.AspNetCompiler.PhysicalPath = "Forms\"
		Debug.AspNetCompiler.TargetPath = "PrecompiledWeb\localhost_58995\"
		Debug.AspNetCompiler.Updateable = "true"
		Debug.AspNetCompiler.ForceOverwrite = "true"
		Debug.AspNetCompiler.FixedNames = "false"
		Debug.AspNetCompiler.Debug = "True"
		Release.AspNetCompiler.VirtualPath = "/localhost_58995"
		Release.AspNetCompiler.PhysicalPath = "Forms\"
		Release.AspNetCompiler.TargetPath = "PrecompiledWeb\localhost_58995\"
		Release.AspNetCompiler.Updateable = "true"
		Release.AspNetCompiler.ForceOverwrite = "true"
		Release.AspNetCompiler.FixedNames = "false"
		Release.AspNetCompiler.Debug = "False"
		VWDPort = "58995"
		SlnRelativePath = "Forms\"
		DefaultWebSiteLanguage = "Visual C#"
	EndProjectSection
EndProject
Project("{2150E333-8FDC-42A3-9474-1A3956D46DE8}") = "Обзвоны", "Обзвоны", "{3E18079B-000B-49E5-A60E-BF8B95BB10A7}"
EndProject
Project("{E24C65DC-7377-472B-9ABA-BC803B73C61A}") = "Интерлизинг", "Интерлизинг\", "{0763704F-D3BA-4257-A881-696AAED343A1}"
	ProjectSection(WebsiteProperties) = preProject
		TargetFrameworkMoniker = ".NETFramework,Version%3Dv4.5"
		Debug.AspNetCompiler.VirtualPath = "/localhost_51984"
		Debug.AspNetCompiler.PhysicalPath = "Интерлизинг\"
		Debug.AspNetCompiler.TargetPath = "PrecompiledWeb\localhost_51984\"
		Debug.AspNetCompiler.Updateable = "true"
		Debug.AspNetCompiler.ForceOverwrite = "true"
		Debug.AspNetCompiler.FixedNames = "false"
		Debug.AspNetCompiler.Debug = "True"
		Release.AspNetCompiler.VirtualPath = "/localhost_51984"
		Release.AspNetCompiler.PhysicalPath = "Интерлизинг\"
		Release.AspNetCompiler.TargetPath = "PrecompiledWeb\localhost_51984\"
		Release.AspNetCompiler.Updateable = "true"
		Release.AspNetCompiler.ForceOverwrite = "true"
		Release.AspNetCompiler.FixedNames = "false"
		Release.AspNetCompiler.Debug = "False"
		VWDPort = "51984"
		SlnRelativePath = "Интерлизинг\"
		DefaultWebSiteLanguage = "Visual C#"
	EndProjectSection
EndProject
Project("{E24C65DC-7377-472B-9ABA-BC803B73C61A}") = "Прибор Банк", "Прибор Банк\", "{DAB6609A-477B-49D2-8480-D4756CE43311}"
	ProjectSection(WebsiteProperties) = preProject
		TargetFrameworkMoniker = ".NETFramework,Version%3Dv4.5.2"
		ProjectReferences = "{bf1fde66-7465-4937-b84d-f4f245f6efc6}|Spoofi.AmoCrmIntegration.dll;"
		Debug.AspNetCompiler.VirtualPath = "/localhost_49098"
		Debug.AspNetCompiler.PhysicalPath = "Прибор Банк\"
		Debug.AspNetCompiler.TargetPath = "PrecompiledWeb\localhost_49098\"
		Debug.AspNetCompiler.Updateable = "true"
		Debug.AspNetCompiler.ForceOverwrite = "true"
		Debug.AspNetCompiler.FixedNames = "false"
		Debug.AspNetCompiler.Debug = "True"
		Release.AspNetCompiler.VirtualPath = "/localhost_49098"
		Release.AspNetCompiler.PhysicalPath = "Прибор Банк\"
		Release.AspNetCompiler.TargetPath = "PrecompiledWeb\localhost_49098\"
		Release.AspNetCompiler.Updateable = "true"
		Release.AspNetCompiler.ForceOverwrite = "true"
		Release.AspNetCompiler.FixedNames = "false"
		Release.AspNetCompiler.Debug = "False"
		VWDPort = "49098"
		SlnRelativePath = "Прибор Банк\"
		DefaultWebSiteLanguage = "Visual C#"
	EndProjectSection
EndProject
Project("{2150E333-8FDC-42A3-9474-1A3956D46DE8}") = "Отчеты", "Отчеты", "{18AF8F32-4C4F-41B7-8E6D-92F40A208625}"
EndProject
Project("{E24C65DC-7377-472B-9ABA-BC803B73C61A}") = "IVI", "IVI\", "{388E5131-780A-44F2-899A-93EDFA4B4B28}"
	ProjectSection(WebsiteProperties) = preProject
		TargetFrameworkMoniker = ".NETFramework,Version%3Dv4.5"
		Debug.AspNetCompiler.VirtualPath = "/localhost_58732"
		Debug.AspNetCompiler.PhysicalPath = "IVI\"
		Debug.AspNetCompiler.TargetPath = "PrecompiledWeb\localhost_58732\"
		Debug.AspNetCompiler.Updateable = "true"
		Debug.AspNetCompiler.ForceOverwrite = "true"
		Debug.AspNetCompiler.FixedNames = "false"
		Debug.AspNetCompiler.Debug = "True"
		Release.AspNetCompiler.VirtualPath = "/localhost_58732"
		Release.AspNetCompiler.PhysicalPath = "IVI\"
		Release.AspNetCompiler.TargetPath = "PrecompiledWeb\localhost_58732\"
		Release.AspNetCompiler.Updateable = "true"
		Release.AspNetCompiler.ForceOverwrite = "true"
		Release.AspNetCompiler.FixedNames = "false"
		Release.AspNetCompiler.Debug = "False"
		VWDPort = "58732"
		SlnRelativePath = "IVI\"
		DefaultWebSiteLanguage = "Visual C#"
	EndProjectSection
EndProject
Project("{2150E333-8FDC-42A3-9474-1A3956D46DE8}") = "Solution Items", "Solution Items", "{40661572-B5B5-47F4-AF6B-51F4ED2A0C7E}"
	ProjectSection(SolutionItems) = preProject
		CHANGELOG.md = CHANGELOG.md
		README.md = README.md
	EndProjectSection
EndProject
Project("{E24C65DC-7377-472B-9ABA-BC803B73C61A}") = "ИП Уракчеев", "ИП Уракчеев\", "{E98FD0B8-FF1D-4843-BF97-C253F4637D9C}"
	ProjectSection(WebsiteProperties) = preProject
		TargetFrameworkMoniker = ".NETFramework,Version%3Dv4.5"
		Debug.AspNetCompiler.VirtualPath = "/localhost_54280"
		Debug.AspNetCompiler.PhysicalPath = "ИП Уракчеев\"
		Debug.AspNetCompiler.TargetPath = "PrecompiledWeb\localhost_54280\"
		Debug.AspNetCompiler.Updateable = "true"
		Debug.AspNetCompiler.ForceOverwrite = "true"
		Debug.AspNetCompiler.FixedNames = "false"
		Debug.AspNetCompiler.Debug = "True"
		Release.AspNetCompiler.VirtualPath = "/localhost_54280"
		Release.AspNetCompiler.PhysicalPath = "ИП Уракчеев\"
		Release.AspNetCompiler.TargetPath = "PrecompiledWeb\localhost_54280\"
		Release.AspNetCompiler.Updateable = "true"
		Release.AspNetCompiler.ForceOverwrite = "true"
		Release.AspNetCompiler.FixedNames = "false"
		Release.AspNetCompiler.Debug = "False"
		VWDPort = "54280"
		SlnRelativePath = "ИП Уракчеев\"
		DefaultWebSiteLanguage = "Visual C#"
	EndProjectSection
EndProject
Project("{2150E333-8FDC-42A3-9474-1A3956D46DE8}") = "API", "API", "{67B6417B-0612-4A0F-BA20-6921F1592971}"
EndProject
Project("{E24C65DC-7377-472B-9ABA-BC803B73C61A}") = "API", "API\", "{35FE1C24-6B6E-4900-BF43-289AB715959E}"
	ProjectSection(WebsiteProperties) = preProject
		TargetFrameworkMoniker = ".NETFramework,Version%3Dv4.5"
		Debug.AspNetCompiler.VirtualPath = "/localhost_54024"
		Debug.AspNetCompiler.PhysicalPath = "API\"
		Debug.AspNetCompiler.TargetPath = "PrecompiledWeb\localhost_54024\"
		Debug.AspNetCompiler.Updateable = "true"
		Debug.AspNetCompiler.ForceOverwrite = "true"
		Debug.AspNetCompiler.FixedNames = "false"
		Debug.AspNetCompiler.Debug = "True"
		Release.AspNetCompiler.VirtualPath = "/localhost_54024"
		Release.AspNetCompiler.PhysicalPath = "API\"
		Release.AspNetCompiler.TargetPath = "PrecompiledWeb\localhost_54024\"
		Release.AspNetCompiler.Updateable = "true"
		Release.AspNetCompiler.ForceOverwrite = "true"
		Release.AspNetCompiler.FixedNames = "false"
		Release.AspNetCompiler.Debug = "False"
		VWDPort = "54024"
		SlnRelativePath = "API\"
		DefaultWebSiteLanguage = "Visual C#"
	EndProjectSection
EndProject
Project("{FAE04EC0-301F-11D3-BF4B-00C04F79EFBC}") = "WebAPI", "WebAPI\WebAPI.csproj", "{44F3E6C5-9377-410B-BE54-7FDEC5EE4134}"
EndProject
Project("{E24C65DC-7377-472B-9ABA-BC803B73C61A}") = "Омникомм инвест", "Омникомм инвест\", "{E81A1DF9-C3B2-417D-808B-A039A26DCEBE}"
	ProjectSection(WebsiteProperties) = preProject
		TargetFrameworkMoniker = ".NETFramework,Version%3Dv4.6.1"
		ProjectReferences = "{bf1fde66-7465-4937-b84d-f4f245f6efc6}|Spoofi.AmoCrmIntegration.dll;"
		Debug.AspNetCompiler.VirtualPath = "/localhost_59346"
		Debug.AspNetCompiler.PhysicalPath = "Омникомм инвест\"
		Debug.AspNetCompiler.TargetPath = "PrecompiledWeb\localhost_59346\"
		Debug.AspNetCompiler.Updateable = "true"
		Debug.AspNetCompiler.ForceOverwrite = "true"
		Debug.AspNetCompiler.FixedNames = "false"
		Debug.AspNetCompiler.Debug = "True"
		Release.AspNetCompiler.VirtualPath = "/localhost_59346"
		Release.AspNetCompiler.PhysicalPath = "Омникомм инвест\"
		Release.AspNetCompiler.TargetPath = "PrecompiledWeb\localhost_59346\"
		Release.AspNetCompiler.Updateable = "true"
		Release.AspNetCompiler.ForceOverwrite = "true"
		Release.AspNetCompiler.FixedNames = "false"
		Release.AspNetCompiler.Debug = "False"
		VWDPort = "59346"
		SlnRelativePath = "Омникомм инвест\"
		DefaultWebSiteLanguage = "Visual C#"
	EndProjectSection
EndProject
Project("{E24C65DC-7377-472B-9ABA-BC803B73C61A}") = "Клиника MHC ТЗ", "Клиника MHC ТЗ\", "{1AE84096-D631-4DD1-9A5E-05FC1070C7BA}"
	ProjectSection(WebsiteProperties) = preProject
		TargetFrameworkMoniker = ".NETFramework,Version%3Dv4.5.2"
		ProjectReferences = "{bf1fde66-7465-4937-b84d-f4f245f6efc6}|Spoofi.AmoCrmIntegration.dll;"
		Debug.AspNetCompiler.VirtualPath = "/localhost_1698"
		Debug.AspNetCompiler.PhysicalPath = "Клиника MHC ТЗ\"
		Debug.AspNetCompiler.TargetPath = "PrecompiledWeb\localhost_1698\"
		Debug.AspNetCompiler.Updateable = "true"
		Debug.AspNetCompiler.ForceOverwrite = "true"
		Debug.AspNetCompiler.FixedNames = "false"
		Debug.AspNetCompiler.Debug = "True"
		Release.AspNetCompiler.VirtualPath = "/localhost_1698"
		Release.AspNetCompiler.PhysicalPath = "Клиника MHC ТЗ\"
		Release.AspNetCompiler.TargetPath = "PrecompiledWeb\localhost_1698\"
		Release.AspNetCompiler.Updateable = "true"
		Release.AspNetCompiler.ForceOverwrite = "true"
		Release.AspNetCompiler.FixedNames = "false"
		Release.AspNetCompiler.Debug = "False"
		VWDPort = "1698"
		SlnRelativePath = "Клиника MHC ТЗ\"
		DefaultWebSiteLanguage = "Visual C#"
	EndProjectSection
EndProject
Project("{E24C65DC-7377-472B-9ABA-BC803B73C61A}") = "PizzaHat", "PizzaHat\", "{1D6769F5-F0CE-485C-91C9-FD330536B6A9}"
	ProjectSection(WebsiteProperties) = preProject
		TargetFrameworkMoniker = ".NETFramework,Version%3Dv4.6.1"
		Debug.AspNetCompiler.VirtualPath = "/localhost_55601"
		Debug.AspNetCompiler.PhysicalPath = "PizzaHat\"
		Debug.AspNetCompiler.TargetPath = "PrecompiledWeb\localhost_55601\"
		Debug.AspNetCompiler.Updateable = "true"
		Debug.AspNetCompiler.ForceOverwrite = "true"
		Debug.AspNetCompiler.FixedNames = "false"
		Debug.AspNetCompiler.Debug = "True"
		Release.AspNetCompiler.VirtualPath = "/localhost_55601"
		Release.AspNetCompiler.PhysicalPath = "PizzaHat\"
		Release.AspNetCompiler.TargetPath = "PrecompiledWeb\localhost_55601\"
		Release.AspNetCompiler.Updateable = "true"
		Release.AspNetCompiler.ForceOverwrite = "true"
		Release.AspNetCompiler.FixedNames = "false"
		Release.AspNetCompiler.Debug = "False"
		VWDPort = "55601"
		DefaultWebSiteLanguage = "Visual C#"
	EndProjectSection
EndProject
Global
	GlobalSection(SolutionConfigurationPlatforms) = preSolution
		Debug|Any CPU = Debug|Any CPU
		Release|Any CPU = Release|Any CPU
	EndGlobalSection
	GlobalSection(ProjectConfigurationPlatforms) = postSolution
		{B054F54C-29E6-4CF5-86D1-606B7A090725}.Debug|Any CPU.ActiveCfg = Debug|Any CPU
		{B054F54C-29E6-4CF5-86D1-606B7A090725}.Debug|Any CPU.Build.0 = Debug|Any CPU
		{B054F54C-29E6-4CF5-86D1-606B7A090725}.Release|Any CPU.ActiveCfg = Debug|Any CPU
		{B054F54C-29E6-4CF5-86D1-606B7A090725}.Release|Any CPU.Build.0 = Debug|Any CPU
		{CD73C29F-FB89-4C74-846E-5E8F21D34389}.Debug|Any CPU.ActiveCfg = Debug|Any CPU
		{CD73C29F-FB89-4C74-846E-5E8F21D34389}.Debug|Any CPU.Build.0 = Debug|Any CPU
		{CD73C29F-FB89-4C74-846E-5E8F21D34389}.Release|Any CPU.ActiveCfg = Debug|Any CPU
		{CD73C29F-FB89-4C74-846E-5E8F21D34389}.Release|Any CPU.Build.0 = Debug|Any CPU
		{8550A5AA-578B-454F-B3D3-C5C80D617A3D}.Debug|Any CPU.ActiveCfg = Debug|Any CPU
		{8550A5AA-578B-454F-B3D3-C5C80D617A3D}.Debug|Any CPU.Build.0 = Debug|Any CPU
		{8550A5AA-578B-454F-B3D3-C5C80D617A3D}.Release|Any CPU.ActiveCfg = Release|Any CPU
		{8550A5AA-578B-454F-B3D3-C5C80D617A3D}.Release|Any CPU.Build.0 = Release|Any CPU
		{45C59DC0-0974-4C29-A707-6CE3A93D23AD}.Debug|Any CPU.ActiveCfg = Debug|Any CPU
		{45C59DC0-0974-4C29-A707-6CE3A93D23AD}.Debug|Any CPU.Build.0 = Debug|Any CPU
		{45C59DC0-0974-4C29-A707-6CE3A93D23AD}.Release|Any CPU.ActiveCfg = Debug|Any CPU
		{45C59DC0-0974-4C29-A707-6CE3A93D23AD}.Release|Any CPU.Build.0 = Debug|Any CPU
		{B4927BFE-F9F1-4672-90A3-C11EE3153A4E}.Debug|Any CPU.ActiveCfg = Debug|Any CPU
		{B4927BFE-F9F1-4672-90A3-C11EE3153A4E}.Debug|Any CPU.Build.0 = Debug|Any CPU
		{B4927BFE-F9F1-4672-90A3-C11EE3153A4E}.Release|Any CPU.ActiveCfg = Debug|Any CPU
		{B4927BFE-F9F1-4672-90A3-C11EE3153A4E}.Release|Any CPU.Build.0 = Debug|Any CPU
		{BF1FDE66-7465-4937-B84D-F4F245F6EFC6}.Debug|Any CPU.ActiveCfg = Debug|Any CPU
		{BF1FDE66-7465-4937-B84D-F4F245F6EFC6}.Debug|Any CPU.Build.0 = Debug|Any CPU
		{BF1FDE66-7465-4937-B84D-F4F245F6EFC6}.Release|Any CPU.ActiveCfg = Release|Any CPU
		{BF1FDE66-7465-4937-B84D-F4F245F6EFC6}.Release|Any CPU.Build.0 = Release|Any CPU
		{E4010695-F278-457E-9DDE-8C7B884E31A6}.Debug|Any CPU.ActiveCfg = Debug|Any CPU
		{E4010695-F278-457E-9DDE-8C7B884E31A6}.Debug|Any CPU.Build.0 = Debug|Any CPU
		{E4010695-F278-457E-9DDE-8C7B884E31A6}.Release|Any CPU.ActiveCfg = Debug|Any CPU
		{E4010695-F278-457E-9DDE-8C7B884E31A6}.Release|Any CPU.Build.0 = Debug|Any CPU
		{92D7777D-95C2-40B9-AE01-ECD4C61526CF}.Debug|Any CPU.ActiveCfg = Debug|Any CPU
		{92D7777D-95C2-40B9-AE01-ECD4C61526CF}.Debug|Any CPU.Build.0 = Debug|Any CPU
		{92D7777D-95C2-40B9-AE01-ECD4C61526CF}.Release|Any CPU.ActiveCfg = Debug|Any CPU
		{92D7777D-95C2-40B9-AE01-ECD4C61526CF}.Release|Any CPU.Build.0 = Debug|Any CPU
		{CF4DF50E-E0C5-4C09-A3F8-96D29946A69E}.Debug|Any CPU.ActiveCfg = Debug|Any CPU
		{CF4DF50E-E0C5-4C09-A3F8-96D29946A69E}.Debug|Any CPU.Build.0 = Debug|Any CPU
		{CF4DF50E-E0C5-4C09-A3F8-96D29946A69E}.Release|Any CPU.ActiveCfg = Debug|Any CPU
		{CF4DF50E-E0C5-4C09-A3F8-96D29946A69E}.Release|Any CPU.Build.0 = Debug|Any CPU
		{BF5186AF-BCBD-4B99-8503-315608640808}.Debug|Any CPU.ActiveCfg = Debug|Any CPU
		{BF5186AF-BCBD-4B99-8503-315608640808}.Debug|Any CPU.Build.0 = Debug|Any CPU
		{BF5186AF-BCBD-4B99-8503-315608640808}.Release|Any CPU.ActiveCfg = Release|Any CPU
		{BF5186AF-BCBD-4B99-8503-315608640808}.Release|Any CPU.Build.0 = Release|Any CPU
		{95F93A34-860A-4EE9-A1BA-978DE926F497}.Debug|Any CPU.ActiveCfg = Debug|Any CPU
		{95F93A34-860A-4EE9-A1BA-978DE926F497}.Debug|Any CPU.Build.0 = Debug|Any CPU
		{95F93A34-860A-4EE9-A1BA-978DE926F497}.Release|Any CPU.ActiveCfg = Debug|Any CPU
		{95F93A34-860A-4EE9-A1BA-978DE926F497}.Release|Any CPU.Build.0 = Debug|Any CPU
		{0763704F-D3BA-4257-A881-696AAED343A1}.Debug|Any CPU.ActiveCfg = Debug|Any CPU
		{0763704F-D3BA-4257-A881-696AAED343A1}.Debug|Any CPU.Build.0 = Debug|Any CPU
		{0763704F-D3BA-4257-A881-696AAED343A1}.Release|Any CPU.ActiveCfg = Debug|Any CPU
		{0763704F-D3BA-4257-A881-696AAED343A1}.Release|Any CPU.Build.0 = Debug|Any CPU
		{DAB6609A-477B-49D2-8480-D4756CE43311}.Debug|Any CPU.ActiveCfg = Debug|Any CPU
		{DAB6609A-477B-49D2-8480-D4756CE43311}.Debug|Any CPU.Build.0 = Debug|Any CPU
		{DAB6609A-477B-49D2-8480-D4756CE43311}.Release|Any CPU.ActiveCfg = Debug|Any CPU
		{DAB6609A-477B-49D2-8480-D4756CE43311}.Release|Any CPU.Build.0 = Debug|Any CPU
		{388E5131-780A-44F2-899A-93EDFA4B4B28}.Debug|Any CPU.ActiveCfg = Debug|Any CPU
		{388E5131-780A-44F2-899A-93EDFA4B4B28}.Debug|Any CPU.Build.0 = Debug|Any CPU
		{388E5131-780A-44F2-899A-93EDFA4B4B28}.Release|Any CPU.ActiveCfg = Debug|Any CPU
		{388E5131-780A-44F2-899A-93EDFA4B4B28}.Release|Any CPU.Build.0 = Debug|Any CPU
		{E98FD0B8-FF1D-4843-BF97-C253F4637D9C}.Debug|Any CPU.ActiveCfg = Debug|Any CPU
		{E98FD0B8-FF1D-4843-BF97-C253F4637D9C}.Debug|Any CPU.Build.0 = Debug|Any CPU
		{E98FD0B8-FF1D-4843-BF97-C253F4637D9C}.Release|Any CPU.ActiveCfg = Debug|Any CPU
		{E98FD0B8-FF1D-4843-BF97-C253F4637D9C}.Release|Any CPU.Build.0 = Debug|Any CPU
		{35FE1C24-6B6E-4900-BF43-289AB715959E}.Debug|Any CPU.ActiveCfg = Debug|Any CPU
		{35FE1C24-6B6E-4900-BF43-289AB715959E}.Debug|Any CPU.Build.0 = Debug|Any CPU
		{35FE1C24-6B6E-4900-BF43-289AB715959E}.Release|Any CPU.ActiveCfg = Debug|Any CPU
		{35FE1C24-6B6E-4900-BF43-289AB715959E}.Release|Any CPU.Build.0 = Debug|Any CPU
		{44F3E6C5-9377-410B-BE54-7FDEC5EE4134}.Debug|Any CPU.ActiveCfg = Debug|Any CPU
		{44F3E6C5-9377-410B-BE54-7FDEC5EE4134}.Debug|Any CPU.Build.0 = Debug|Any CPU
		{44F3E6C5-9377-410B-BE54-7FDEC5EE4134}.Release|Any CPU.ActiveCfg = Release|Any CPU
		{44F3E6C5-9377-410B-BE54-7FDEC5EE4134}.Release|Any CPU.Build.0 = Release|Any CPU
		{E81A1DF9-C3B2-417D-808B-A039A26DCEBE}.Debug|Any CPU.ActiveCfg = Debug|Any CPU
		{E81A1DF9-C3B2-417D-808B-A039A26DCEBE}.Debug|Any CPU.Build.0 = Debug|Any CPU
		{E81A1DF9-C3B2-417D-808B-A039A26DCEBE}.Release|Any CPU.ActiveCfg = Debug|Any CPU
		{E81A1DF9-C3B2-417D-808B-A039A26DCEBE}.Release|Any CPU.Build.0 = Debug|Any CPU
		{1AE84096-D631-4DD1-9A5E-05FC1070C7BA}.Debug|Any CPU.ActiveCfg = Debug|Any CPU
		{1AE84096-D631-4DD1-9A5E-05FC1070C7BA}.Debug|Any CPU.Build.0 = Debug|Any CPU
		{1AE84096-D631-4DD1-9A5E-05FC1070C7BA}.Release|Any CPU.ActiveCfg = Debug|Any CPU
		{1AE84096-D631-4DD1-9A5E-05FC1070C7BA}.Release|Any CPU.Build.0 = Debug|Any CPU
		{1D6769F5-F0CE-485C-91C9-FD330536B6A9}.Debug|Any CPU.ActiveCfg = Debug|Any CPU
		{1D6769F5-F0CE-485C-91C9-FD330536B6A9}.Debug|Any CPU.Build.0 = Debug|Any CPU
		{1D6769F5-F0CE-485C-91C9-FD330536B6A9}.Release|Any CPU.ActiveCfg = Debug|Any CPU
		{1D6769F5-F0CE-485C-91C9-FD330536B6A9}.Release|Any CPU.Build.0 = Debug|Any CPU
	EndGlobalSection
	GlobalSection(SolutionProperties) = preSolution
		HideSolutionNode = FALSE
	EndGlobalSection
	GlobalSection(NestedProjects) = preSolution
		{BF1FDE66-7465-4937-B84D-F4F245F6EFC6} = {E4E44699-8E60-4652-AA42-2886FB29A186}
		{95F93A34-860A-4EE9-A1BA-978DE926F497} = {9E8449B3-9A6C-462D-93D6-8FC3C7E652BF}
		{0763704F-D3BA-4257-A881-696AAED343A1} = {3E18079B-000B-49E5-A60E-BF8B95BB10A7}
		{DAB6609A-477B-49D2-8480-D4756CE43311} = {3E18079B-000B-49E5-A60E-BF8B95BB10A7}
		{388E5131-780A-44F2-899A-93EDFA4B4B28} = {18AF8F32-4C4F-41B7-8E6D-92F40A208625}
		{E98FD0B8-FF1D-4843-BF97-C253F4637D9C} = {3E18079B-000B-49E5-A60E-BF8B95BB10A7}
		{35FE1C24-6B6E-4900-BF43-289AB715959E} = {67B6417B-0612-4A0F-BA20-6921F1592971}
		{44F3E6C5-9377-410B-BE54-7FDEC5EE4134} = {67B6417B-0612-4A0F-BA20-6921F1592971}
		{E81A1DF9-C3B2-417D-808B-A039A26DCEBE} = {3E18079B-000B-49E5-A60E-BF8B95BB10A7}
		{1AE84096-D631-4DD1-9A5E-05FC1070C7BA} = {3E18079B-000B-49E5-A60E-BF8B95BB10A7}
		{1D6769F5-F0CE-485C-91C9-FD330536B6A9} = {18AF8F32-4C4F-41B7-8E6D-92F40A208625}
	EndGlobalSection
	GlobalSection(ExtensibilityGlobals) = postSolution
		SolutionGuid = {3F45207D-0A1D-491E-A11B-0B9DE2C48632}
	EndGlobalSection
EndGlobal
